<?xml version="1.0" encoding="utf-8"?>
<Project ToolsVersion="4.0" xmlns="http://schemas.microsoft.com/developer/msbuild/2003">
  <ItemGroup>
    <Filter Include="Source Files">
      <UniqueIdentifier>{4FC737F1-C7A5-4376-A066-2A32D752A2FF}</UniqueIdentifier>
      <Extensions>cpp;c;cc;cxx;c++;cppm;ixx;def;odl;idl;hpj;bat;asm;asmx</Extensions>
    </Filter>
    <Filter Include="Header Files">
      <UniqueIdentifier>{93995380-89BD-4b04-88EB-625FBE52EBFB}</UniqueIdentifier>
      <Extensions>h;hh;hpp;hxx;h++;hm;inl;inc;ipp;xsd</Extensions>
    </Filter>
    <Filter Include="Resource Files">
      <UniqueIdentifier>{67DA6AB6-F800-4c08-8B7A-83BB121AAD01}</UniqueIdentifier>
      <Extensions>rc;ico;cur;bmp;dlg;rc2;rct;bin;rgs;gif;jpg;jpeg;jpe;resx;tiff;tif;png;wav;mfcribbon-ms</Extensions>
    </Filter>
    <Filter Include="HelperClasses">
      <UniqueIdentifier>{cb17b638-734d-45d4-b9f6-3da94d406edc}</UniqueIdentifier>
    </Filter>
    <Filter Include="Movies">
      <UniqueIdentifier>{39efc54f-def1-4ed7-9865-138ee5dcf21c}</UniqueIdentifier>
    </Filter>
    <Filter Include="Components">
      <UniqueIdentifier>{7fec23dc-114c-4a05-bd89-6a7ee307b4d8}</UniqueIdentifier>
    </Filter>
    <Filter Include="System">
      <UniqueIdentifier>{d89a104a-c72e-4ef8-8643-a1b50e28df88}</UniqueIdentifier>
    </Filter>
    <Filter Include="Commands">
      <UniqueIdentifier>{53f11526-86bb-45e5-9831-18cbdff17c13}</UniqueIdentifier>
    </Filter>
    <Filter Include="Text files">
      <UniqueIdentifier>{5e5fb7f0-b260-403d-9dab-0bf10e83389a}</UniqueIdentifier>
    </Filter>
  </ItemGroup>
  <ItemGroup>
    <ClCompile Include="Login.cpp">
      <Filter>Source Files</Filter>
    </ClCompile>
    <ClCompile Include="main.cpp">
      <Filter>Source Files</Filter>
    </ClCompile>
    <ClCompile Include="User.cpp">
      <Filter>Source Files</Filter>
    </ClCompile>
    <ClCompile Include="MyString.cpp">
      <Filter>HelperClasses</Filter>
    </ClCompile>
    <ClCompile Include="Date.cpp">
      <Filter>HelperClasses</Filter>
    </ClCompile>
    <ClCompile Include="ActionMovie.cpp">
      <Filter>Movies</Filter>
    </ClCompile>
    <ClCompile Include="DocumentaryMovie.cpp">
      <Filter>Movies</Filter>
    </ClCompile>
    <ClCompile Include="DramaMovie.cpp">
      <Filter>Movies</Filter>
    </ClCompile>
    <ClCompile Include="Movie.cpp">
      <Filter>Movies</Filter>
    </ClCompile>
    <ClCompile Include="Rating.cpp">
      <Filter>Components</Filter>
    </ClCompile>
    <ClCompile Include="Room.cpp">
      <Filter>Components</Filter>
    </ClCompile>
    <ClCompile Include="Seat.cpp">
      <Filter>Components</Filter>
    </ClCompile>
    <ClCompile Include="Ticket.cpp">
      <Filter>Components</Filter>
    </ClCompile>
    <ClCompile Include="CinemaSystem.cpp">
      <Filter>System</Filter>
    </ClCompile>
    <ClCompile Include="UserFactory.cpp">
      <Filter>Source Files</Filter>
    </ClCompile>
    <ClCompile Include="HelpFunc.cpp">
      <Filter>HelperClasses</Filter>
    </ClCompile>
    <ClCompile Include="Hour.cpp">
      <Filter>HelperClasses</Filter>
    </ClCompile>
    <ClCompile Include="Command.cpp">
      <Filter>Commands</Filter>
    </ClCompile>
    <ClCompile Include="CinemaSystemLauncher.cpp">
      <Filter>System</Filter>
    </ClCompile>
    <ClCompile Include="CommandFactory.cpp">
      <Filter>Commands</Filter>
    </ClCompile>
  </ItemGroup>
  <ItemGroup>
    <ClInclude Include="Login.h">
      <Filter>Header Files</Filter>
    </ClInclude>
    <ClInclude Include="User.h">
      <Filter>Header Files</Filter>
    </ClInclude>
    <ClInclude Include="MyVector.hpp">
      <Filter>HelperClasses</Filter>
    </ClInclude>
    <ClInclude Include="MyString.h">
      <Filter>HelperClasses</Filter>
    </ClInclude>
    <ClInclude Include="Date.h">
      <Filter>HelperClasses</Filter>
    </ClInclude>
    <ClInclude Include="Hour.h">
      <Filter>HelperClasses</Filter>
    </ClInclude>
    <ClInclude Include="Movie.h">
      <Filter>Movies</Filter>
    </ClInclude>
    <ClInclude Include="ActionMovie.h">
      <Filter>Movies</Filter>
    </ClInclude>
    <ClInclude Include="DocumentaryMovie.h">
      <Filter>Movies</Filter>
    </ClInclude>
    <ClInclude Include="DramaMovie.h">
      <Filter>Movies</Filter>
    </ClInclude>
    <ClInclude Include="Rating.h">
      <Filter>Components</Filter>
    </ClInclude>
    <ClInclude Include="Room.h">
      <Filter>Components</Filter>
    </ClInclude>
    <ClInclude Include="Seat.h">
      <Filter>Components</Filter>
    </ClInclude>
    <ClInclude Include="Ticket.h">
      <Filter>Components</Filter>
    </ClInclude>
    <ClInclude Include="CinemaSystem.h">
      <Filter>System</Filter>
    </ClInclude>
    <ClInclude Include="UserFactory.h">
      <Filter>Header Files</Filter>
    </ClInclude>
    <ClInclude Include="HelpFunc.h">
      <Filter>HelperClasses</Filter>
    </ClInclude>
    <ClInclude Include="Command.h">
      <Filter>Commands</Filter>
    </ClInclude>
    <ClInclude Include="CinemaSystemLauncher.h">
      <Filter>System</Filter>
    </ClInclude>
    <ClInclude Include="CommandFactory.h">
      <Filter>Commands</Filter>
    </ClInclude>
    <ClInclude Include="polymorphic_ptr.hpp">
      <Filter>HelperClasses</Filter>
    </ClInclude>
  </ItemGroup>
  <ItemGroup>
    <Text Include="Accounts.txt" />
    <Text Include="Rooms.txt">
      <Filter>Text files</Filter>
    </Text>
    <Text Include="Movies.txt">
      <Filter>Text files</Filter>
    </Text>
    <Text Include="DateTest.txt">
      <Filter>Text files</Filter>
    </Text>
  </ItemGroup>
</Project>